
Microsoft Visual Studio Solution File, Format Version 12.00
# Visual Studio Version 17
VisualStudioVersion = 17.0.31903.59
MinimumVisualStudioVersion = 10.0.40219.1
Project("{2150E333-8FDC-42A3-9474-1A3956D46DE8}") = "apps", "apps", "{1787FE1D-075E-9E68-7218-25F1BD1BBEAB}"
EndProject
Project("{2150E333-8FDC-42A3-9474-1A3956D46DE8}") = "node-server", "node-server", "{0B6B3F9C-B043-A342-4CA8-AD421FAF29B8}"
EndProject
Project("{2150E333-8FDC-42A3-9474-1A3956D46DE8}") = "src", "src", "{E9C7A830-F2C3-D036-0F02-6DB013D7641B}"
EndProject
Project("{FAE04EC0-301F-11D3-BF4B-00C04F79EFBC}") = "Symphony.Node", "apps\node-server\src\Symphony.Node\Symphony.Node.csproj", "{B9FC7996-D907-405B-B1E1-911AF2EF13C3}"
EndProject
Project("{2150E333-8FDC-42A3-9474-1A3956D46DE8}") = "services", "services", "{5854FF58-B8C5-05C6-5BF2-ACE42193F22B}"
EndProject
Project("{2150E333-8FDC-42A3-9474-1A3956D46DE8}") = "cloud-api", "cloud-api", "{5DE1DDE7-CC46-750E-5E1E-B42450B6985D}"
EndProject
Project("{2150E333-8FDC-42A3-9474-1A3956D46DE8}") = "src", "src", "{C2DF987C-08EC-C1EE-F2F6-F2E1DDD45C57}"
EndProject
Project("{FAE04EC0-301F-11D3-BF4B-00C04F79EFBC}") = "Symphony.Cloud", "services\cloud-api\src\Symphony.Cloud\Symphony.Cloud.csproj", "{C9C028AD-D1AE-44C4-9F2E-47FD0413C834}"
EndProject
Project("{2150E333-8FDC-42A3-9474-1A3956D46DE8}") = "tests", "tests", "{96619C37-03D7-B232-E8CA-9EBC28E6FBBE}"
EndProject
Project("{FAE04EC0-301F-11D3-BF4B-00C04F79EFBC}") = "Symphony.Node.Tests", "apps\node-server\tests\Symphony.Node.Tests\Symphony.Node.Tests.csproj", "{892BB7C8-5E7F-4149-83F2-DC307073535E}"
EndProject
Project("{2150E333-8FDC-42A3-9474-1A3956D46DE8}") = "tests", "tests", "{7EA8FF1C-8A67-56A1-DA8D-AB7DA91CFE4D}"
EndProject
Project("{FAE04EC0-301F-11D3-BF4B-00C04F79EFBC}") = "Symphony.Cloud.Tests", "services\cloud-api\tests\Symphony.Cloud.Tests\Symphony.Cloud.Tests.csproj", "{AAA2DEDE-2366-45FD-A89E-E7F66992ECB1}"
EndProject
Global
	GlobalSection(SolutionConfigurationPlatforms) = preSolution
		Debug|Any CPU = Debug|Any CPU
		Debug|x64 = Debug|x64
		Debug|x86 = Debug|x86
		Release|Any CPU = Release|Any CPU
		Release|x64 = Release|x64
		Release|x86 = Release|x86
	EndGlobalSection
	GlobalSection(ProjectConfigurationPlatforms) = postSolution
		{B9FC7996-D907-405B-B1E1-911AF2EF13C3}.Debug|Any CPU.ActiveCfg = Debug|Any CPU
		{B9FC7996-D907-405B-B1E1-911AF2EF13C3}.Debug|Any CPU.Build.0 = Debug|Any CPU
		{B9FC7996-D907-405B-B1E1-911AF2EF13C3}.Debug|x64.ActiveCfg = Debug|Any CPU
		{B9FC7996-D907-405B-B1E1-911AF2EF13C3}.Debug|x64.Build.0 = Debug|Any CPU
		{B9FC7996-D907-405B-B1E1-911AF2EF13C3}.Debug|x86.ActiveCfg = Debug|Any CPU
		{B9FC7996-D907-405B-B1E1-911AF2EF13C3}.Debug|x86.Build.0 = Debug|Any CPU
		{B9FC7996-D907-405B-B1E1-911AF2EF13C3}.Release|Any CPU.ActiveCfg = Release|Any CPU
		{B9FC7996-D907-405B-B1E1-911AF2EF13C3}.Release|Any CPU.Build.0 = Release|Any CPU
		{B9FC7996-D907-405B-B1E1-911AF2EF13C3}.Release|x64.ActiveCfg = Release|Any CPU
		{B9FC7996-D907-405B-B1E1-911AF2EF13C3}.Release|x64.Build.0 = Release|Any CPU
		{B9FC7996-D907-405B-B1E1-911AF2EF13C3}.Release|x86.ActiveCfg = Release|Any CPU
		{B9FC7996-D907-405B-B1E1-911AF2EF13C3}.Release|x86.Build.0 = Release|Any CPU
		{C9C028AD-D1AE-44C4-9F2E-47FD0413C834}.Debug|Any CPU.ActiveCfg = Debug|Any CPU
		{C9C028AD-D1AE-44C4-9F2E-47FD0413C834}.Debug|Any CPU.Build.0 = Debug|Any CPU
		{C9C028AD-D1AE-44C4-9F2E-47FD0413C834}.Debug|x64.ActiveCfg = Debug|Any CPU
		{C9C028AD-D1AE-44C4-9F2E-47FD0413C834}.Debug|x64.Build.0 = Debug|Any CPU
		{C9C028AD-D1AE-44C4-9F2E-47FD0413C834}.Debug|x86.ActiveCfg = Debug|Any CPU
		{C9C028AD-D1AE-44C4-9F2E-47FD0413C834}.Debug|x86.Build.0 = Debug|Any CPU
		{C9C028AD-D1AE-44C4-9F2E-47FD0413C834}.Release|Any CPU.ActiveCfg = Release|Any CPU
		{C9C028AD-D1AE-44C4-9F2E-47FD0413C834}.Release|Any CPU.Build.0 = Release|Any CPU
		{C9C028AD-D1AE-44C4-9F2E-47FD0413C834}.Release|x64.ActiveCfg = Release|Any CPU
		{C9C028AD-D1AE-44C4-9F2E-47FD0413C834}.Release|x64.Build.0 = Release|Any CPU
		{C9C028AD-D1AE-44C4-9F2E-47FD0413C834}.Release|x86.ActiveCfg = Release|Any CPU
		{C9C028AD-D1AE-44C4-9F2E-47FD0413C834}.Release|x86.Build.0 = Release|Any CPU
		{892BB7C8-5E7F-4149-83F2-DC307073535E}.Debug|Any CPU.ActiveCfg = Debug|Any CPU
		{892BB7C8-5E7F-4149-83F2-DC307073535E}.Debug|Any CPU.Build.0 = Debug|Any CPU
		{892BB7C8-5E7F-4149-83F2-DC307073535E}.Debug|x64.ActiveCfg = Debug|Any CPU
		{892BB7C8-5E7F-4149-83F2-DC307073535E}.Debug|x64.Build.0 = Debug|Any CPU
		{892BB7C8-5E7F-4149-83F2-DC307073535E}.Debug|x86.ActiveCfg = Debug|Any CPU
		{892BB7C8-5E7F-4149-83F2-DC307073535E}.Debug|x86.Build.0 = Debug|Any CPU
		{892BB7C8-5E7F-4149-83F2-DC307073535E}.Release|Any CPU.ActiveCfg = Release|Any CPU
		{892BB7C8-5E7F-4149-83F2-DC307073535E}.Release|Any CPU.Build.0 = Release|Any CPU
		{892BB7C8-5E7F-4149-83F2-DC307073535E}.Release|x64.ActiveCfg = Release|Any CPU
		{892BB7C8-5E7F-4149-83F2-DC307073535E}.Release|x64.Build.0 = Release|Any CPU
		{892BB7C8-5E7F-4149-83F2-DC307073535E}.Release|x86.ActiveCfg = Release|Any CPU
		{892BB7C8-5E7F-4149-83F2-DC307073535E}.Release|x86.Build.0 = Release|Any CPU
		{AAA2DEDE-2366-45FD-A89E-E7F66992ECB1}.Debug|Any CPU.ActiveCfg = Debug|Any CPU
		{AAA2DEDE-2366-45FD-A89E-E7F66992ECB1}.Debug|Any CPU.Build.0 = Debug|Any CPU
		{AAA2DEDE-2366-45FD-A89E-E7F66992ECB1}.Debug|x64.ActiveCfg = Debug|Any CPU
		{AAA2DEDE-2366-45FD-A89E-E7F66992ECB1}.Debug|x64.Build.0 = Debug|Any CPU
		{AAA2DEDE-2366-45FD-A89E-E7F66992ECB1}.Debug|x86.ActiveCfg = Debug|Any CPU
		{AAA2DEDE-2366-45FD-A89E-E7F66992ECB1}.Debug|x86.Build.0 = Debug|Any CPU
		{AAA2DEDE-2366-45FD-A89E-E7F66992ECB1}.Release|Any CPU.ActiveCfg = Release|Any CPU
		{AAA2DEDE-2366-45FD-A89E-E7F66992ECB1}.Release|Any CPU.Build.0 = Release|Any CPU
		{AAA2DEDE-2366-45FD-A89E-E7F66992ECB1}.Release|x64.ActiveCfg = Release|Any CPU
		{AAA2DEDE-2366-45FD-A89E-E7F66992ECB1}.Release|x64.Build.0 = Release|Any CPU
		{AAA2DEDE-2366-45FD-A89E-E7F66992ECB1}.Release|x86.ActiveCfg = Release|Any CPU
		{AAA2DEDE-2366-45FD-A89E-E7F66992ECB1}.Release|x86.Build.0 = Release|Any CPU
	EndGlobalSection
	GlobalSection(SolutionProperties) = preSolution
		HideSolutionNode = FALSE
	EndGlobalSection
	GlobalSection(NestedProjects) = preSolution
		{0B6B3F9C-B043-A342-4CA8-AD421FAF29B8} = {1787FE1D-075E-9E68-7218-25F1BD1BBEAB}
		{E9C7A830-F2C3-D036-0F02-6DB013D7641B} = {0B6B3F9C-B043-A342-4CA8-AD421FAF29B8}
		{B9FC7996-D907-405B-B1E1-911AF2EF13C3} = {E9C7A830-F2C3-D036-0F02-6DB013D7641B}
		{5DE1DDE7-CC46-750E-5E1E-B42450B6985D} = {5854FF58-B8C5-05C6-5BF2-ACE42193F22B}
		{C2DF987C-08EC-C1EE-F2F6-F2E1DDD45C57} = {5DE1DDE7-CC46-750E-5E1E-B42450B6985D}
		{C9C028AD-D1AE-44C4-9F2E-47FD0413C834} = {C2DF987C-08EC-C1EE-F2F6-F2E1DDD45C57}
		{96619C37-03D7-B232-E8CA-9EBC28E6FBBE} = {0B6B3F9C-B043-A342-4CA8-AD421FAF29B8}
		{892BB7C8-5E7F-4149-83F2-DC307073535E} = {96619C37-03D7-B232-E8CA-9EBC28E6FBBE}
		{7EA8FF1C-8A67-56A1-DA8D-AB7DA91CFE4D} = {5DE1DDE7-CC46-750E-5E1E-B42450B6985D}
		{AAA2DEDE-2366-45FD-A89E-E7F66992ECB1} = {7EA8FF1C-8A67-56A1-DA8D-AB7DA91CFE4D}
	EndGlobalSection
EndGlobal
