
Microsoft Visual Studio Solution File, Format Version 12.00
# Visual Studio Version 17
VisualStudioVersion = 17.0.31903.59
MinimumVisualStudioVersion = 10.0.40219.1
Project("{2150E333-8FDC-42A3-9474-1A3956D46DE8}") = "apps", "apps", "{1787FE1D-075E-9E68-7218-25F1BD1BBEAB}"
EndProject
Project("{2150E333-8FDC-42A3-9474-1A3956D46DE8}") = "node-server", "node-server", "{0B6B3F9C-B043-A342-4CA8-AD421FAF29B8}"
EndProject
Project("{2150E333-8FDC-42A3-9474-1A3956D46DE8}") = "src", "src", "{E9C7A830-F2C3-D036-0F02-6DB013D7641B}"
EndProject
Project("{FAE04EC0-301F-11D3-BF4B-00C04F79EFBC}") = "Symphony.Node", "apps\node-server\src\Symphony.Node\Symphony.Node.csproj", "{B9FC7996-D907-405B-B1E1-911AF2EF13C3}"
EndProject
Project("{2150E333-8FDC-42A3-9474-1A3956D46DE8}") = "services", "services", "{5854FF58-B8C5-05C6-5BF2-ACE42193F22B}"
EndProject
Project("{2150E333-8FDC-42A3-9474-1A3956D46DE8}") = "cloud-api", "cloud-api", "{5DE1DDE7-CC46-750E-5E1E-B42450B6985D}"
EndProject
Project("{2150E333-8FDC-42A3-9474-1A3956D46DE8}") = "src", "src", "{C2DF987C-08EC-C1EE-F2F6-F2E1DDD45C57}"
EndProject
Project("{FAE04EC0-301F-11D3-BF4B-00C04F79EFBC}") = "Symphony.Cloud", "services\cloud-api\src\Symphony.Cloud\Symphony.Cloud.csproj", "{C9C028AD-D1AE-44C4-9F2E-47FD0413C834}"
EndProject
Project("{2150E333-8FDC-42A3-9474-1A3956D46DE8}") = "tests", "tests", "{96619C37-03D7-B232-E8CA-9EBC28E6FBBE}"
EndProject
Project("{FAE04EC0-301F-11D3-BF4B-00C04F79EFBC}") = "Symphony.Node.Tests", "apps\node-server\tests\Symphony.Node.Tests\Symphony.Node.Tests.csproj", "{892BB7C8-5E7F-4149-83F2-DC307073535E}"
EndProject
Project("{2150E333-8FDC-42A3-9474-1A3956D46DE8}") = "tests", "tests", "{7EA8FF1C-8A67-56A1-DA8D-AB7DA91CFE4D}"
EndProject
Project("{FAE04EC0-301F-11D3-BF4B-00C04F79EFBC}") = "Symphony.Cloud.Tests", "services\cloud-api\tests\Symphony.Cloud.Tests\Symphony.Cloud.Tests.csproj", "{AAA2DEDE-2366-45FD-A89E-E7F66992ECB1}"
EndProject
Project("{2150E333-8FDC-42A3-9474-1A3956D46DE8}") = "libs", "libs", "{6C4D298B-81FB-2B6B-5AB6-46205EDDC72C}"
EndProject
Project("{2150E333-8FDC-42A3-9474-1A3956D46DE8}") = "migraciones", "migraciones", "{6787B290-B2F9-A5FE-B963-BFCA69E8A615}"
EndProject
Project("{2150E333-8FDC-42A3-9474-1A3956D46DE8}") = "src", "src", "{CAD15D78-0BDF-A578-A761-8267803B5160}"
EndProject
Project("{FAE04EC0-301F-11D3-BF4B-00C04F79EFBC}") = "Symphony.Migraciones", "libs\migraciones\src\Symphony.Migraciones\Symphony.Migraciones.csproj", "{CC4C694C-C474-4EBC-A9FD-DCCE6086CA43}"
EndProject
Project("{2150E333-8FDC-42A3-9474-1A3956D46DE8}") = "tests", "tests", "{BBA40C14-9EA7-7797-4CFA-5BC3101DAAA2}"
EndProject
Project("{FAE04EC0-301F-11D3-BF4B-00C04F79EFBC}") = "Symphony.Migraciones.Tests", "libs\migraciones\tests\Symphony.Migraciones.Tests\Symphony.Migraciones.Tests.csproj", "{64405D8C-3DB0-429A-B4CE-0C5CECCC9D06}"
EndProject
Project("{2150E333-8FDC-42A3-9474-1A3956D46DE8}") = "sesiones", "sesiones", "{F00E87C9-F579-5CB5-D61B-E3EF979AE01C}"
EndProject
Project("{2150E333-8FDC-42A3-9474-1A3956D46DE8}") = "src", "src", "{F30FC1E6-2121-6DEE-0DD2-7F404CBDA758}"
EndProject
Project("{FAE04EC0-301F-11D3-BF4B-00C04F79EFBC}") = "Symphony.Sesiones", "libs\sesiones\src\Symphony.Sesiones\Symphony.Sesiones.csproj", "{7485D183-9727-4EF6-9506-BC481E74BB20}"
EndProject
Project("{2150E333-8FDC-42A3-9474-1A3956D46DE8}") = "tests", "tests", "{169708CF-1F18-CF16-58AB-3A374FFC5B8B}"
EndProject
Project("{FAE04EC0-301F-11D3-BF4B-00C04F79EFBC}") = "Symphony.Sesiones.Tests", "libs\sesiones\tests\Symphony.Sesiones.Tests\Symphony.Sesiones.Tests.csproj", "{E1F0FE82-84A8-4C43-BD88-3677F02795B7}"
EndProject
Global
	GlobalSection(SolutionConfigurationPlatforms) = preSolution
		Debug|Any CPU = Debug|Any CPU
		Debug|x64 = Debug|x64
		Debug|x86 = Debug|x86
		Release|Any CPU = Release|Any CPU
		Release|x64 = Release|x64
		Release|x86 = Release|x86
	EndGlobalSection
	GlobalSection(ProjectConfigurationPlatforms) = postSolution
		{B9FC7996-D907-405B-B1E1-911AF2EF13C3}.Debug|Any CPU.ActiveCfg = Debug|Any CPU
		{B9FC7996-D907-405B-B1E1-911AF2EF13C3}.Debug|Any CPU.Build.0 = Debug|Any CPU
		{B9FC7996-D907-405B-B1E1-911AF2EF13C3}.Debug|x64.ActiveCfg = Debug|Any CPU
		{B9FC7996-D907-405B-B1E1-911AF2EF13C3}.Debug|x64.Build.0 = Debug|Any CPU
		{B9FC7996-D907-405B-B1E1-911AF2EF13C3}.Debug|x86.ActiveCfg = Debug|Any CPU
		{B9FC7996-D907-405B-B1E1-911AF2EF13C3}.Debug|x86.Build.0 = Debug|Any CPU
		{B9FC7996-D907-405B-B1E1-911AF2EF13C3}.Release|Any CPU.ActiveCfg = Release|Any CPU
		{B9FC7996-D907-405B-B1E1-911AF2EF13C3}.Release|Any CPU.Build.0 = Release|Any CPU
		{B9FC7996-D907-405B-B1E1-911AF2EF13C3}.Release|x64.ActiveCfg = Release|Any CPU
		{B9FC7996-D907-405B-B1E1-911AF2EF13C3}.Release|x64.Build.0 = Release|Any CPU
		{B9FC7996-D907-405B-B1E1-911AF2EF13C3}.Release|x86.ActiveCfg = Release|Any CPU
		{B9FC7996-D907-405B-B1E1-911AF2EF13C3}.Release|x86.Build.0 = Release|Any CPU
		{C9C028AD-D1AE-44C4-9F2E-47FD0413C834}.Debug|Any CPU.ActiveCfg = Debug|Any CPU
		{C9C028AD-D1AE-44C4-9F2E-47FD0413C834}.Debug|Any CPU.Build.0 = Debug|Any CPU
		{C9C028AD-D1AE-44C4-9F2E-47FD0413C834}.Debug|x64.ActiveCfg = Debug|Any CPU
		{C9C028AD-D1AE-44C4-9F2E-47FD0413C834}.Debug|x64.Build.0 = Debug|Any CPU
		{C9C028AD-D1AE-44C4-9F2E-47FD0413C834}.Debug|x86.ActiveCfg = Debug|Any CPU
		{C9C028AD-D1AE-44C4-9F2E-47FD0413C834}.Debug|x86.Build.0 = Debug|Any CPU
		{C9C028AD-D1AE-44C4-9F2E-47FD0413C834}.Release|Any CPU.ActiveCfg = Release|Any CPU
		{C9C028AD-D1AE-44C4-9F2E-47FD0413C834}.Release|Any CPU.Build.0 = Release|Any CPU
		{C9C028AD-D1AE-44C4-9F2E-47FD0413C834}.Release|x64.ActiveCfg = Release|Any CPU
		{C9C028AD-D1AE-44C4-9F2E-47FD0413C834}.Release|x64.Build.0 = Release|Any CPU
		{C9C028AD-D1AE-44C4-9F2E-47FD0413C834}.Release|x86.ActiveCfg = Release|Any CPU
		{C9C028AD-D1AE-44C4-9F2E-47FD0413C834}.Release|x86.Build.0 = Release|Any CPU
		{892BB7C8-5E7F-4149-83F2-DC307073535E}.Debug|Any CPU.ActiveCfg = Debug|Any CPU
		{892BB7C8-5E7F-4149-83F2-DC307073535E}.Debug|Any CPU.Build.0 = Debug|Any CPU
		{892BB7C8-5E7F-4149-83F2-DC307073535E}.Debug|x64.ActiveCfg = Debug|Any CPU
		{892BB7C8-5E7F-4149-83F2-DC307073535E}.Debug|x64.Build.0 = Debug|Any CPU
		{892BB7C8-5E7F-4149-83F2-DC307073535E}.Debug|x86.ActiveCfg = Debug|Any CPU
		{892BB7C8-5E7F-4149-83F2-DC307073535E}.Debug|x86.Build.0 = Debug|Any CPU
		{892BB7C8-5E7F-4149-83F2-DC307073535E}.Release|Any CPU.ActiveCfg = Release|Any CPU
		{892BB7C8-5E7F-4149-83F2-DC307073535E}.Release|Any CPU.Build.0 = Release|Any CPU
		{892BB7C8-5E7F-4149-83F2-DC307073535E}.Release|x64.ActiveCfg = Release|Any CPU
		{892BB7C8-5E7F-4149-83F2-DC307073535E}.Release|x64.Build.0 = Release|Any CPU
		{892BB7C8-5E7F-4149-83F2-DC307073535E}.Release|x86.ActiveCfg = Release|Any CPU
		{892BB7C8-5E7F-4149-83F2-DC307073535E}.Release|x86.Build.0 = Release|Any CPU
		{AAA2DEDE-2366-45FD-A89E-E7F66992ECB1}.Debug|Any CPU.ActiveCfg = Debug|Any CPU
		{AAA2DEDE-2366-45FD-A89E-E7F66992ECB1}.Debug|Any CPU.Build.0 = Debug|Any CPU
		{AAA2DEDE-2366-45FD-A89E-E7F66992ECB1}.Debug|x64.ActiveCfg = Debug|Any CPU
		{AAA2DEDE-2366-45FD-A89E-E7F66992ECB1}.Debug|x64.Build.0 = Debug|Any CPU
		{AAA2DEDE-2366-45FD-A89E-E7F66992ECB1}.Debug|x86.ActiveCfg = Debug|Any CPU
		{AAA2DEDE-2366-45FD-A89E-E7F66992ECB1}.Debug|x86.Build.0 = Debug|Any CPU
		{AAA2DEDE-2366-45FD-A89E-E7F66992ECB1}.Release|Any CPU.ActiveCfg = Release|Any CPU
		{AAA2DEDE-2366-45FD-A89E-E7F66992ECB1}.Release|Any CPU.Build.0 = Release|Any CPU
		{AAA2DEDE-2366-45FD-A89E-E7F66992ECB1}.Release|x64.ActiveCfg = Release|Any CPU
		{AAA2DEDE-2366-45FD-A89E-E7F66992ECB1}.Release|x64.Build.0 = Release|Any CPU
		{AAA2DEDE-2366-45FD-A89E-E7F66992ECB1}.Release|x86.ActiveCfg = Release|Any CPU
		{AAA2DEDE-2366-45FD-A89E-E7F66992ECB1}.Release|x86.Build.0 = Release|Any CPU
		{CC4C694C-C474-4EBC-A9FD-DCCE6086CA43}.Debug|Any CPU.ActiveCfg = Debug|Any CPU
		{CC4C694C-C474-4EBC-A9FD-DCCE6086CA43}.Debug|Any CPU.Build.0 = Debug|Any CPU
		{CC4C694C-C474-4EBC-A9FD-DCCE6086CA43}.Debug|x64.ActiveCfg = Debug|Any CPU
		{CC4C694C-C474-4EBC-A9FD-DCCE6086CA43}.Debug|x64.Build.0 = Debug|Any CPU
		{CC4C694C-C474-4EBC-A9FD-DCCE6086CA43}.Debug|x86.ActiveCfg = Debug|Any CPU
		{CC4C694C-C474-4EBC-A9FD-DCCE6086CA43}.Debug|x86.Build.0 = Debug|Any CPU
		{CC4C694C-C474-4EBC-A9FD-DCCE6086CA43}.Release|Any CPU.ActiveCfg = Release|Any CPU
		{CC4C694C-C474-4EBC-A9FD-DCCE6086CA43}.Release|Any CPU.Build.0 = Release|Any CPU
		{CC4C694C-C474-4EBC-A9FD-DCCE6086CA43}.Release|x64.ActiveCfg = Release|Any CPU
		{CC4C694C-C474-4EBC-A9FD-DCCE6086CA43}.Release|x64.Build.0 = Release|Any CPU
		{CC4C694C-C474-4EBC-A9FD-DCCE6086CA43}.Release|x86.ActiveCfg = Release|Any CPU
		{CC4C694C-C474-4EBC-A9FD-DCCE6086CA43}.Release|x86.Build.0 = Release|Any CPU
		{64405D8C-3DB0-429A-B4CE-0C5CECCC9D06}.Debug|Any CPU.ActiveCfg = Debug|Any CPU
		{64405D8C-3DB0-429A-B4CE-0C5CECCC9D06}.Debug|Any CPU.Build.0 = Debug|Any CPU
		{64405D8C-3DB0-429A-B4CE-0C5CECCC9D06}.Debug|x64.ActiveCfg = Debug|Any CPU
		{64405D8C-3DB0-429A-B4CE-0C5CECCC9D06}.Debug|x64.Build.0 = Debug|Any CPU
		{64405D8C-3DB0-429A-B4CE-0C5CECCC9D06}.Debug|x86.ActiveCfg = Debug|Any CPU
		{64405D8C-3DB0-429A-B4CE-0C5CECCC9D06}.Debug|x86.Build.0 = Debug|Any CPU
		{64405D8C-3DB0-429A-B4CE-0C5CECCC9D06}.Release|Any CPU.ActiveCfg = Release|Any CPU
		{64405D8C-3DB0-429A-B4CE-0C5CECCC9D06}.Release|Any CPU.Build.0 = Release|Any CPU
		{64405D8C-3DB0-429A-B4CE-0C5CECCC9D06}.Release|x64.ActiveCfg = Release|Any CPU
		{64405D8C-3DB0-429A-B4CE-0C5CECCC9D06}.Release|x64.Build.0 = Release|Any CPU
		{64405D8C-3DB0-429A-B4CE-0C5CECCC9D06}.Release|x86.ActiveCfg = Release|Any CPU
		{64405D8C-3DB0-429A-B4CE-0C5CECCC9D06}.Release|x86.Build.0 = Release|Any CPU
		{7485D183-9727-4EF6-9506-BC481E74BB20}.Debug|Any CPU.ActiveCfg = Debug|Any CPU
		{7485D183-9727-4EF6-9506-BC481E74BB20}.Debug|Any CPU.Build.0 = Debug|Any CPU
		{7485D183-9727-4EF6-9506-BC481E74BB20}.Debug|x64.ActiveCfg = Debug|Any CPU
		{7485D183-9727-4EF6-9506-BC481E74BB20}.Debug|x64.Build.0 = Debug|Any CPU
		{7485D183-9727-4EF6-9506-BC481E74BB20}.Debug|x86.ActiveCfg = Debug|Any CPU
		{7485D183-9727-4EF6-9506-BC481E74BB20}.Debug|x86.Build.0 = Debug|Any CPU
		{7485D183-9727-4EF6-9506-BC481E74BB20}.Release|Any CPU.ActiveCfg = Release|Any CPU
		{7485D183-9727-4EF6-9506-BC481E74BB20}.Release|Any CPU.Build.0 = Release|Any CPU
		{7485D183-9727-4EF6-9506-BC481E74BB20}.Release|x64.ActiveCfg = Release|Any CPU
		{7485D183-9727-4EF6-9506-BC481E74BB20}.Release|x64.Build.0 = Release|Any CPU
		{7485D183-9727-4EF6-9506-BC481E74BB20}.Release|x86.ActiveCfg = Release|Any CPU
		{7485D183-9727-4EF6-9506-BC481E74BB20}.Release|x86.Build.0 = Release|Any CPU
		{E1F0FE82-84A8-4C43-BD88-3677F02795B7}.Debug|Any CPU.ActiveCfg = Debug|Any CPU
		{E1F0FE82-84A8-4C43-BD88-3677F02795B7}.Debug|Any CPU.Build.0 = Debug|Any CPU
		{E1F0FE82-84A8-4C43-BD88-3677F02795B7}.Debug|x64.ActiveCfg = Debug|Any CPU
		{E1F0FE82-84A8-4C43-BD88-3677F02795B7}.Debug|x64.Build.0 = Debug|Any CPU
		{E1F0FE82-84A8-4C43-BD88-3677F02795B7}.Debug|x86.ActiveCfg = Debug|Any CPU
		{E1F0FE82-84A8-4C43-BD88-3677F02795B7}.Debug|x86.Build.0 = Debug|Any CPU
		{E1F0FE82-84A8-4C43-BD88-3677F02795B7}.Release|Any CPU.ActiveCfg = Release|Any CPU
		{E1F0FE82-84A8-4C43-BD88-3677F02795B7}.Release|Any CPU.Build.0 = Release|Any CPU
		{E1F0FE82-84A8-4C43-BD88-3677F02795B7}.Release|x64.ActiveCfg = Release|Any CPU
		{E1F0FE82-84A8-4C43-BD88-3677F02795B7}.Release|x64.Build.0 = Release|Any CPU
		{E1F0FE82-84A8-4C43-BD88-3677F02795B7}.Release|x86.ActiveCfg = Release|Any CPU
		{E1F0FE82-84A8-4C43-BD88-3677F02795B7}.Release|x86.Build.0 = Release|Any CPU
	EndGlobalSection
	GlobalSection(SolutionProperties) = preSolution
		HideSolutionNode = FALSE
	EndGlobalSection
	GlobalSection(NestedProjects) = preSolution
		{0B6B3F9C-B043-A342-4CA8-AD421FAF29B8} = {1787FE1D-075E-9E68-7218-25F1BD1BBEAB}
		{E9C7A830-F2C3-D036-0F02-6DB013D7641B} = {0B6B3F9C-B043-A342-4CA8-AD421FAF29B8}
		{B9FC7996-D907-405B-B1E1-911AF2EF13C3} = {E9C7A830-F2C3-D036-0F02-6DB013D7641B}
		{5DE1DDE7-CC46-750E-5E1E-B42450B6985D} = {5854FF58-B8C5-05C6-5BF2-ACE42193F22B}
		{C2DF987C-08EC-C1EE-F2F6-F2E1DDD45C57} = {5DE1DDE7-CC46-750E-5E1E-B42450B6985D}
		{C9C028AD-D1AE-44C4-9F2E-47FD0413C834} = {C2DF987C-08EC-C1EE-F2F6-F2E1DDD45C57}
		{96619C37-03D7-B232-E8CA-9EBC28E6FBBE} = {0B6B3F9C-B043-A342-4CA8-AD421FAF29B8}
		{892BB7C8-5E7F-4149-83F2-DC307073535E} = {96619C37-03D7-B232-E8CA-9EBC28E6FBBE}
		{7EA8FF1C-8A67-56A1-DA8D-AB7DA91CFE4D} = {5DE1DDE7-CC46-750E-5E1E-B42450B6985D}
		{AAA2DEDE-2366-45FD-A89E-E7F66992ECB1} = {7EA8FF1C-8A67-56A1-DA8D-AB7DA91CFE4D}
		{6787B290-B2F9-A5FE-B963-BFCA69E8A615} = {6C4D298B-81FB-2B6B-5AB6-46205EDDC72C}
		{CAD15D78-0BDF-A578-A761-8267803B5160} = {6787B290-B2F9-A5FE-B963-BFCA69E8A615}
		{CC4C694C-C474-4EBC-A9FD-DCCE6086CA43} = {CAD15D78-0BDF-A578-A761-8267803B5160}
		{BBA40C14-9EA7-7797-4CFA-5BC3101DAAA2} = {6787B290-B2F9-A5FE-B963-BFCA69E8A615}
		{64405D8C-3DB0-429A-B4CE-0C5CECCC9D06} = {BBA40C14-9EA7-7797-4CFA-5BC3101DAAA2}
		{F00E87C9-F579-5CB5-D61B-E3EF979AE01C} = {6C4D298B-81FB-2B6B-5AB6-46205EDDC72C}
		{F30FC1E6-2121-6DEE-0DD2-7F404CBDA758} = {F00E87C9-F579-5CB5-D61B-E3EF979AE01C}
		{7485D183-9727-4EF6-9506-BC481E74BB20} = {F30FC1E6-2121-6DEE-0DD2-7F404CBDA758}
		{169708CF-1F18-CF16-58AB-3A374FFC5B8B} = {F00E87C9-F579-5CB5-D61B-E3EF979AE01C}
		{E1F0FE82-84A8-4C43-BD88-3677F02795B7} = {169708CF-1F18-CF16-58AB-3A374FFC5B8B}
	EndGlobalSection
EndGlobal
